
Microsoft Visual Studio Solution File, Format Version 12.00
# Visual Studio Version 17
VisualStudioVersion = 17.7.34221.43
MinimumVisualStudioVersion = 10.0.40219.1
Project("{FAE04EC0-301F-11D3-BF4B-00C04F79EFBC}") = "ConsAppAsspart5", "ConsAppAsspart5\ConsAppAsspart5.csproj", "{398B2C19-9AEE-4041-A385-5C0208FA29C2}"
EndProject
Global
	GlobalSection(SolutionConfigurationPlatforms) = preSolution
		Debug|Any CPU = Debug|Any CPU
		Release|Any CPU = Release|Any CPU
	EndGlobalSection
	GlobalSection(ProjectConfigurationPlatforms) = postSolution
		{398B2C19-9AEE-4041-A385-5C0208FA29C2}.Debug|Any CPU.ActiveCfg = Debug|Any CPU
		{398B2C19-9AEE-4041-A385-5C0208FA29C2}.Debug|Any CPU.Build.0 = Debug|Any CPU
		{398B2C19-9AEE-4041-A385-5C0208FA29C2}.Release|Any CPU.ActiveCfg = Release|Any CPU
		{398B2C19-9AEE-4041-A385-5C0208FA29C2}.Release|Any CPU.Build.0 = Release|Any CPU
	EndGlobalSection
	GlobalSection(SolutionProperties) = preSolution
		HideSolutionNode = FALSE
	EndGlobalSection
	GlobalSection(ExtensibilityGlobals) = postSolution
		SolutionGuid = {CDB17DAE-1CE9-45AC-9803-BAA11A3FF57D}
	EndGlobalSection
EndGlobal
